
Microsoft Visual Studio Solution File, Format Version 12.00
# Visual Studio 15
VisualStudioVersion = 15.0.26403.0
MinimumVisualStudioVersion = 10.0.40219.1
Project("{FAE04EC0-301F-11D3-BF4B-00C04F79EFBC}") = "PostgreSQLTEst", "PostgreSQLTEst\PostgreSQLTEst.csproj", "{EDEDCC0F-C883-4EA6-95EB-A14057C9E545}"
EndProject
Project("{FAE04EC0-301F-11D3-BF4B-00C04F79EFBC}") = "Rest-Service", "Rest-Service\Rest-Service.csproj", "{B9D9BB92-8E13-4BA4-9BB8-55C078A95646}"
EndProject
Global
	GlobalSection(SolutionConfigurationPlatforms) = preSolution
		Debug|Any CPU = Debug|Any CPU
		Release|Any CPU = Release|Any CPU
	EndGlobalSection
	GlobalSection(ProjectConfigurationPlatforms) = postSolution
		{EDEDCC0F-C883-4EA6-95EB-A14057C9E545}.Debug|Any CPU.ActiveCfg = Debug|Any CPU
		{EDEDCC0F-C883-4EA6-95EB-A14057C9E545}.Debug|Any CPU.Build.0 = Debug|Any CPU
		{EDEDCC0F-C883-4EA6-95EB-A14057C9E545}.Release|Any CPU.ActiveCfg = Release|Any CPU
		{EDEDCC0F-C883-4EA6-95EB-A14057C9E545}.Release|Any CPU.Build.0 = Release|Any CPU
		{B9D9BB92-8E13-4BA4-9BB8-55C078A95646}.Debug|Any CPU.ActiveCfg = Debug|Any CPU
		{B9D9BB92-8E13-4BA4-9BB8-55C078A95646}.Debug|Any CPU.Build.0 = Debug|Any CPU
		{B9D9BB92-8E13-4BA4-9BB8-55C078A95646}.Release|Any CPU.ActiveCfg = Release|Any CPU
		{B9D9BB92-8E13-4BA4-9BB8-55C078A95646}.Release|Any CPU.Build.0 = Release|Any CPU
	EndGlobalSection
	GlobalSection(SolutionProperties) = preSolution
		HideSolutionNode = FALSE
	EndGlobalSection
EndGlobal
